
Microsoft Visual Studio Solution File, Format Version 12.00
# Visual Studio Version 16
VisualStudioVersion = 16.0.31205.134
MinimumVisualStudioVersion = 10.0.40219.1
Project("{FAE04EC0-301F-11D3-BF4B-00C04F79EFBC}") = "LinqLabsHW", "LinqLabsHW\LinqLabsHW.csproj", "{F302C14F-45C3-44F0-A072-4EE26BE434D2}"
EndProject
Global
	GlobalSection(SolutionConfigurationPlatforms) = preSolution
		Debug|Any CPU = Debug|Any CPU
		Release|Any CPU = Release|Any CPU
	EndGlobalSection
	GlobalSection(ProjectConfigurationPlatforms) = postSolution
		{F302C14F-45C3-44F0-A072-4EE26BE434D2}.Debug|Any CPU.ActiveCfg = Debug|Any CPU
		{F302C14F-45C3-44F0-A072-4EE26BE434D2}.Debug|Any CPU.Build.0 = Debug|Any CPU
		{F302C14F-45C3-44F0-A072-4EE26BE434D2}.Release|Any CPU.ActiveCfg = Release|Any CPU
		{F302C14F-45C3-44F0-A072-4EE26BE434D2}.Release|Any CPU.Build.0 = Release|Any CPU
	EndGlobalSection
	GlobalSection(SolutionProperties) = preSolution
		HideSolutionNode = FALSE
	EndGlobalSection
	GlobalSection(ExtensibilityGlobals) = postSolution
		SolutionGuid = {8FD352D5-E0B1-406D-8303-41C135ACF683}
	EndGlobalSection
EndGlobal
